// !$*UTF8*$!
{
	archiveVersion = 1;
	classes = {
	};
	objectVersion = 56;
	objects = {

/* Begin PBXBuildFile section */
		5566E14A2C2B7B340012D5F7 /* iosprojectApp.swift in Sources */ = {isa = PBXBuildFile; fileRef = 5566E1492C2B7B340012D5F7 /* iosprojectApp.swift */; };
		5566E14C2C2B7B340012D5F7 /* ContentView.swift in Sources */ = {isa = PBXBuildFile; fileRef = 5566E14B2C2B7B340012D5F7 /* ContentView.swift */; };
		5566E14E2C2B7B360012D5F7 /* Assets.xcassets in Resources */ = {isa = PBXBuildFile; fileRef = 5566E14D2C2B7B360012D5F7 /* Assets.xcassets */; };
		5566E1512C2B7B360012D5F7 /* Preview Assets.xcassets in Resources */ = {isa = PBXBuildFile; fileRef = 5566E1502C2B7B360012D5F7 /* Preview Assets.xcassets */; };
		5566E15B2C2B7CEC0012D5F7 /* FirebaseAuth in Frameworks */ = {isa = PBXBuildFile; productRef = 5566E15A2C2B7CEC0012D5F7 /* FirebaseAuth */; };
		5566E15D2C2B7CEC0012D5F7 /* FirebaseDatabase in Frameworks */ = {isa = PBXBuildFile; productRef = 5566E15C2C2B7CEC0012D5F7 /* FirebaseDatabase */; };
		5566E15F2C2B7DEE0012D5F7 /* LoginView.swift in Sources */ = {isa = PBXBuildFile; fileRef = 5566E15E2C2B7DED0012D5F7 /* LoginView.swift */; };
		5566E1612C2B7E070012D5F7 /* DashboardView.swift in Sources */ = {isa = PBXBuildFile; fileRef = 5566E1602C2B7E070012D5F7 /* DashboardView.swift */; };
		5566E1632C2B7EC10012D5F7 /* RegistrationView.swift in Sources */ = {isa = PBXBuildFile; fileRef = 5566E1622C2B7EC10012D5F7 /* RegistrationView.swift */; };
		5566E1652C2B80120012D5F7 /* SplashView.swift in Sources */ = {isa = PBXBuildFile; fileRef = 5566E1642C2B80120012D5F7 /* SplashView.swift */; };
		5566E1672C2B875C0012D5F7 /* library_logo.jpg in Resources */ = {isa = PBXBuildFile; fileRef = 5566E1662C2B875C0012D5F7 /* library_logo.jpg */; };
		5F2EFA3C2C60904400CE3D5E /* BorrowedBooksView.swift in Sources */ = {isa = PBXBuildFile; fileRef = 5F2EFA3B2C60904400CE3D5E /* BorrowedBooksView.swift */; };
		5F42CD1C2C631DF20037E2A9 /* AboutLibraryView.swift in Sources */ = {isa = PBXBuildFile; fileRef = 5F42CD1B2C631DF20037E2A9 /* AboutLibraryView.swift */; };
		5F832C8B2C2DDAD1008D1967 /* GoogleService-Info.plist in Resources */ = {isa = PBXBuildFile; fileRef = 5F832C8A2C2DDAD1008D1967 /* GoogleService-Info.plist */; };
		5F832C8D2C2DDDE8008D1967 /* AdminDashboard.swift in Sources */ = {isa = PBXBuildFile; fileRef = 5F832C8C2C2DDDE8008D1967 /* AdminDashboard.swift */; };
		5F832C8F2C2DDE0F008D1967 /* AdminBookItem.swift in Sources */ = {isa = PBXBuildFile; fileRef = 5F832C8E2C2DDE0F008D1967 /* AdminBookItem.swift */; };
		5F832C912C2DDE2B008D1967 /* AdminDatabaseManager.swift in Sources */ = {isa = PBXBuildFile; fileRef = 5F832C902C2DDE2B008D1967 /* AdminDatabaseManager.swift */; };
		5FBC8DFB2C5D609800069E41 /* Userdashboard.swift in Sources */ = {isa = PBXBuildFile; fileRef = 5FBC8DFA2C5D609800069E41 /* Userdashboard.swift */; };
		5FBC8DFD2C5EAEAE00069E41 /* Profilepage.swift in Sources */ = {isa = PBXBuildFile; fileRef = 5FBC8DFC2C5EAEAE00069E41 /* Profilepage.swift */; };
/* End PBXBuildFile section */

/* Begin PBXFileReference section */
		5566E1462C2B7B340012D5F7 /* iosproject.app */ = {isa = PBXFileReference; explicitFileType = wrapper.application; includeInIndex = 0; path = iosproject.app; sourceTree = BUILT_PRODUCTS_DIR; };
		5566E1492C2B7B340012D5F7 /* iosprojectApp.swift */ = {isa = PBXFileReference; lastKnownFileType = sourcecode.swift; path = iosprojectApp.swift; sourceTree = "<group>"; };
		5566E14B2C2B7B340012D5F7 /* ContentView.swift */ = {isa = PBXFileReference; lastKnownFileType = sourcecode.swift; path = ContentView.swift; sourceTree = "<group>"; };
		5566E14D2C2B7B360012D5F7 /* Assets.xcassets */ = {isa = PBXFileReference; lastKnownFileType = folder.assetcatalog; path = Assets.xcassets; sourceTree = "<group>"; };
		5566E1502C2B7B360012D5F7 /* Preview Assets.xcassets */ = {isa = PBXFileReference; lastKnownFileType = folder.assetcatalog; path = "Preview Assets.xcassets"; sourceTree = "<group>"; };
		5566E15E2C2B7DED0012D5F7 /* LoginView.swift */ = {isa = PBXFileReference; lastKnownFileType = sourcecode.swift; path = LoginView.swift; sourceTree = "<group>"; };
		5566E1602C2B7E070012D5F7 /* DashboardView.swift */ = {isa = PBXFileReference; lastKnownFileType = sourcecode.swift; path = DashboardView.swift; sourceTree = "<group>"; };
		5566E1622C2B7EC10012D5F7 /* RegistrationView.swift */ = {isa = PBXFileReference; lastKnownFileType = sourcecode.swift; path = RegistrationView.swift; sourceTree = "<group>"; };
		5566E1642C2B80120012D5F7 /* SplashView.swift */ = {isa = PBXFileReference; lastKnownFileType = sourcecode.swift; path = SplashView.swift; sourceTree = "<group>"; };
		5566E1662C2B875C0012D5F7 /* library_logo.jpg */ = {isa = PBXFileReference; lastKnownFileType = image.jpeg; path = library_logo.jpg; sourceTree = "<group>"; };
		5F2EFA3B2C60904400CE3D5E /* BorrowedBooksView.swift */ = {isa = PBXFileReference; lastKnownFileType = sourcecode.swift; path = BorrowedBooksView.swift; sourceTree = "<group>"; };
		5F42CD1B2C631DF20037E2A9 /* AboutLibraryView.swift */ = {isa = PBXFileReference; lastKnownFileType = sourcecode.swift; path = AboutLibraryView.swift; sourceTree = "<group>"; };
		5F832C8A2C2DDAD1008D1967 /* GoogleService-Info.plist */ = {isa = PBXFileReference; fileEncoding = 4; lastKnownFileType = text.plist.xml; path = "GoogleService-Info.plist"; sourceTree = "<group>"; };
		5F832C8C2C2DDDE8008D1967 /* AdminDashboard.swift */ = {isa = PBXFileReference; lastKnownFileType = sourcecode.swift; path = AdminDashboard.swift; sourceTree = "<group>"; };
		5F832C8E2C2DDE0F008D1967 /* AdminBookItem.swift */ = {isa = PBXFileReference; lastKnownFileType = sourcecode.swift; path = AdminBookItem.swift; sourceTree = "<group>"; };
		5F832C902C2DDE2B008D1967 /* AdminDatabaseManager.swift */ = {isa = PBXFileReference; lastKnownFileType = sourcecode.swift; path = AdminDatabaseManager.swift; sourceTree = "<group>"; };
		5FBC8DFA2C5D609800069E41 /* Userdashboard.swift */ = {isa = PBXFileReference; lastKnownFileType = sourcecode.swift; path = Userdashboard.swift; sourceTree = "<group>"; };
		5FBC8DFC2C5EAEAE00069E41 /* Profilepage.swift */ = {isa = PBXFileReference; lastKnownFileType = sourcecode.swift; path = Profilepage.swift; sourceTree = "<group>"; };
/* End PBXFileReference section */

/* Begin PBXFrameworksBuildPhase section */
		5566E1432C2B7B340012D5F7 /* Frameworks */ = {
			isa = PBXFrameworksBuildPhase;
			buildActionMask = 2147483647;
			files = (
				5566E15D2C2B7CEC0012D5F7 /* FirebaseDatabase in Frameworks */,
				5566E15B2C2B7CEC0012D5F7 /* FirebaseAuth in Frameworks */,
			);
			runOnlyForDeploymentPostprocessing = 0;
		};
/* End PBXFrameworksBuildPhase section */

/* Begin PBXGroup section */
		5566E13D2C2B7B340012D5F7 = {
			isa = PBXGroup;
			children = (
				5F832C8A2C2DDAD1008D1967 /* GoogleService-Info.plist */,
				5566E1482C2B7B340012D5F7 /* iosproject */,
				5566E1472C2B7B340012D5F7 /* Products */,
			);
			sourceTree = "<group>";
		};
		5566E1472C2B7B340012D5F7 /* Products */ = {
			isa = PBXGroup;
			children = (
				5566E1462C2B7B340012D5F7 /* iosproject.app */,
			);
			name = Products;
			sourceTree = "<group>";
		};
		5566E1482C2B7B340012D5F7 /* iosproject */ = {
			isa = PBXGroup;
			children = (
				5566E1492C2B7B340012D5F7 /* iosprojectApp.swift */,
				5566E14B2C2B7B340012D5F7 /* ContentView.swift */,
				5566E14D2C2B7B360012D5F7 /* Assets.xcassets */,
				5566E1662C2B875C0012D5F7 /* library_logo.jpg */,
				5566E14F2C2B7B360012D5F7 /* Preview Content */,
			);
			path = iosproject;
			sourceTree = "<group>";
		};
		5566E14F2C2B7B360012D5F7 /* Preview Content */ = {
			isa = PBXGroup;
			children = (
				5566E1502C2B7B360012D5F7 /* Preview Assets.xcassets */,
				5566E15E2C2B7DED0012D5F7 /* LoginView.swift */,
				5566E1602C2B7E070012D5F7 /* DashboardView.swift */,
				5566E1622C2B7EC10012D5F7 /* RegistrationView.swift */,
				5566E1642C2B80120012D5F7 /* SplashView.swift */,
				5F832C8C2C2DDDE8008D1967 /* AdminDashboard.swift */,
				5F832C8E2C2DDE0F008D1967 /* AdminBookItem.swift */,
				5F832C902C2DDE2B008D1967 /* AdminDatabaseManager.swift */,
				5FBC8DFA2C5D609800069E41 /* Userdashboard.swift */,
				5FBC8DFC2C5EAEAE00069E41 /* Profilepage.swift */,
				5F2EFA3B2C60904400CE3D5E /* BorrowedBooksView.swift */,
				5F42CD1B2C631DF20037E2A9 /* AboutLibraryView.swift */,
			);
			path = "Preview Content";
			sourceTree = "<group>";
		};
/* End PBXGroup section */

/* Begin PBXNativeTarget section */
		5566E1452C2B7B340012D5F7 /* iosproject */ = {
			isa = PBXNativeTarget;
			buildConfigurationList = 5566E1542C2B7B360012D5F7 /* Build configuration list for PBXNativeTarget "iosproject" */;
			buildPhases = (
				5566E1422C2B7B340012D5F7 /* Sources */,
				5566E1432C2B7B340012D5F7 /* Frameworks */,
				5566E1442C2B7B340012D5F7 /* Resources */,
			);
			buildRules = (
			);
			dependencies = (
			);
			name = iosproject;
			packageProductDependencies = (
				5566E15A2C2B7CEC0012D5F7 /* FirebaseAuth */,
				5566E15C2C2B7CEC0012D5F7 /* FirebaseDatabase */,
			);
			productName = iosproject;
			productReference = 5566E1462C2B7B340012D5F7 /* iosproject.app */;
			productType = "com.apple.product-type.application";
		};
/* End PBXNativeTarget section */

/* Begin PBXProject section */
		5566E13E2C2B7B340012D5F7 /* Project object */ = {
			isa = PBXProject;
			attributes = {
				BuildIndependentTargetsInParallel = 1;
				LastSwiftUpdateCheck = 1540;
				LastUpgradeCheck = 1540;
				TargetAttributes = {
					5566E1452C2B7B340012D5F7 = {
						CreatedOnToolsVersion = 15.4;
					};
				};
			};
			buildConfigurationList = 5566E1412C2B7B340012D5F7 /* Build configuration list for PBXProject "iosproject" */;
			compatibilityVersion = "Xcode 14.0";
			developmentRegion = en;
			hasScannedForEncodings = 0;
			knownRegions = (
				en,
				Base,
			);
			mainGroup = 5566E13D2C2B7B340012D5F7;
			packageReferences = (
				5566E1592C2B7CEC0012D5F7 /* XCRemoteSwiftPackageReference "firebase-ios-sdk" */,
			);
			productRefGroup = 5566E1472C2B7B340012D5F7 /* Products */;
			projectDirPath = "";
			projectRoot = "";
			targets = (
				5566E1452C2B7B340012D5F7 /* iosproject */,
			);
		};
/* End PBXProject section */

/* Begin PBXResourcesBuildPhase section */
		5566E1442C2B7B340012D5F7 /* Resources */ = {
			isa = PBXResourcesBuildPhase;
			buildActionMask = 2147483647;
			files = (
				5566E1672C2B875C0012D5F7 /* library_logo.jpg in Resources */,
				5566E1512C2B7B360012D5F7 /* Preview Assets.xcassets in Resources */,
				5F832C8B2C2DDAD1008D1967 /* GoogleService-Info.plist in Resources */,
				5566E14E2C2B7B360012D5F7 /* Assets.xcassets in Resources */,
			);
			runOnlyForDeploymentPostprocessing = 0;
		};
/* End PBXResourcesBuildPhase section */

/* Begin PBXSourcesBuildPhase section */
		5566E1422C2B7B340012D5F7 /* Sources */ = {
			isa = PBXSourcesBuildPhase;
			buildActionMask = 2147483647;
			files = (
				5F832C912C2DDE2B008D1967 /* AdminDatabaseManager.swift in Sources */,
				5FBC8DFB2C5D609800069E41 /* Userdashboard.swift in Sources */,
				5566E15F2C2B7DEE0012D5F7 /* LoginView.swift in Sources */,
				5F2EFA3C2C60904400CE3D5E /* BorrowedBooksView.swift in Sources */,
				5F42CD1C2C631DF20037E2A9 /* AboutLibraryView.swift in Sources */,
				5F832C8F2C2DDE0F008D1967 /* AdminBookItem.swift in Sources */,
				5566E1612C2B7E070012D5F7 /* DashboardView.swift in Sources */,
				5FBC8DFD2C5EAEAE00069E41 /* Profilepage.swift in Sources */,
				5566E14C2C2B7B340012D5F7 /* ContentView.swift in Sources */,
				5566E14A2C2B7B340012D5F7 /* iosprojectApp.swift in Sources */,
				5566E1632C2B7EC10012D5F7 /* RegistrationView.swift in Sources */,
				5F832C8D2C2DDDE8008D1967 /* AdminDashboard.swift in Sources */,
				5566E1652C2B80120012D5F7 /* SplashView.swift in Sources */,
			);
			runOnlyForDeploymentPostprocessing = 0;
		};
/* End PBXSourcesBuildPhase section */

/* Begin XCBuildConfiguration section */
		5566E1522C2B7B360012D5F7 /* Debug */ = {
			isa = XCBuildConfiguration;
			buildSettings = {
				ALWAYS_SEARCH_USER_PATHS = NO;
				ASSETCATALOG_COMPILER_GENERATE_SWIFT_ASSET_SYMBOL_EXTENSIONS = YES;
				CLANG_ANALYZER_NONNULL = YES;
				CLANG_ANALYZER_NUMBER_OBJECT_CONVERSION = YES_AGGRESSIVE;
				CLANG_CXX_LANGUAGE_STANDARD = "gnu++20";
				CLANG_ENABLE_MODULES = YES;
				CLANG_ENABLE_OBJC_ARC = YES;
				CLANG_ENABLE_OBJC_WEAK = YES;
				CLANG_WARN_BLOCK_CAPTURE_AUTORELEASING = YES;
				CLANG_WARN_BOOL_CONVERSION = YES;
				CLANG_WARN_COMMA = YES;
				CLANG_WARN_CONSTANT_CONVERSION = YES;
				CLANG_WARN_DEPRECATED_OBJC_IMPLEMENTATIONS = YES;
				CLANG_WARN_DIRECT_OBJC_ISA_USAGE = YES_ERROR;
				CLANG_WARN_DOCUMENTATION_COMMENTS = YES;
				CLANG_WARN_EMPTY_BODY = YES;
				CLANG_WARN_ENUM_CONVERSION = YES;
				CLANG_WARN_INFINITE_RECURSION = YES;
				CLANG_WARN_INT_CONVERSION = YES;
				CLANG_WARN_NON_LITERAL_NULL_CONVERSION = YES;
				CLANG_WARN_OBJC_IMPLICIT_RETAIN_SELF = YES;
				CLANG_WARN_OBJC_LITERAL_CONVERSION = YES;
				CLANG_WARN_OBJC_ROOT_CLASS = YES_ERROR;
				CLANG_WARN_QUOTED_INCLUDE_IN_FRAMEWORK_HEADER = YES;
				CLANG_WARN_RANGE_LOOP_ANALYSIS = YES;
				CLANG_WARN_STRICT_PROTOTYPES = YES;
				CLANG_WARN_SUSPICIOUS_MOVE = YES;
				CLANG_WARN_UNGUARDED_AVAILABILITY = YES_AGGRESSIVE;
				CLANG_WARN_UNREACHABLE_CODE = YES;
				CLANG_WARN__DUPLICATE_METHOD_MATCH = YES;
				COPY_PHASE_STRIP = NO;
				DEBUG_INFORMATION_FORMAT = dwarf;
				ENABLE_STRICT_OBJC_MSGSEND = YES;
				ENABLE_TESTABILITY = YES;
				ENABLE_USER_SCRIPT_SANDBOXING = YES;
				GCC_C_LANGUAGE_STANDARD = gnu17;
				GCC_DYNAMIC_NO_PIC = NO;
				GCC_NO_COMMON_BLOCKS = YES;
				GCC_OPTIMIZATION_LEVEL = 0;
				GCC_PREPROCESSOR_DEFINITIONS = (
					"DEBUG=1",
					"$(inherited)",
				);
				GCC_WARN_64_TO_32_BIT_CONVERSION = YES;
				GCC_WARN_ABOUT_RETURN_TYPE = YES_ERROR;
				GCC_WARN_UNDECLARED_SELECTOR = YES;
				GCC_WARN_UNINITIALIZED_AUTOS = YES_AGGRESSIVE;
				GCC_WARN_UNUSED_FUNCTION = YES;
				GCC_WARN_UNUSED_VARIABLE = YES;
				IPHONEOS_DEPLOYMENT_TARGET = 17.5;
				LOCALIZATION_PREFERS_STRING_CATALOGS = YES;
				MTL_ENABLE_DEBUG_INFO = INCLUDE_SOURCE;
				MTL_FAST_MATH = YES;
				ONLY_ACTIVE_ARCH = YES;
				SDKROOT = iphoneos;
				SWIFT_ACTIVE_COMPILATION_CONDITIONS = "DEBUG $(inherited)";
				SWIFT_OPTIMIZATION_LEVEL = "-Onone";
			};
			name = Debug;
		};
		5566E1532C2B7B360012D5F7 /* Release */ = {
			isa = XCBuildConfiguration;
			buildSettings = {
				ALWAYS_SEARCH_USER_PATHS = NO;
				ASSETCATALOG_COMPILER_GENERATE_SWIFT_ASSET_SYMBOL_EXTENSIONS = YES;
				CLANG_ANALYZER_NONNULL = YES;
				CLANG_ANALYZER_NUMBER_OBJECT_CONVERSION = YES_AGGRESSIVE;
				CLANG_CXX_LANGUAGE_STANDARD = "gnu++20";
				CLANG_ENABLE_MODULES = YES;
				CLANG_ENABLE_OBJC_ARC = YES;
				CLANG_ENABLE_OBJC_WEAK = YES;
				CLANG_WARN_BLOCK_CAPTURE_AUTORELEASING = YES;
				CLANG_WARN_BOOL_CONVERSION = YES;
				CLANG_WARN_COMMA = YES;
				CLANG_WARN_CONSTANT_CONVERSION = YES;
				CLANG_WARN_DEPRECATED_OBJC_IMPLEMENTATIONS = YES;
				CLANG_WARN_DIRECT_OBJC_ISA_USAGE = YES_ERROR;
				CLANG_WARN_DOCUMENTATION_COMMENTS = YES;
				CLANG_WARN_EMPTY_BODY = YES;
				CLANG_WARN_ENUM_CONVERSION = YES;
				CLANG_WARN_INFINITE_RECURSION = YES;
				CLANG_WARN_INT_CONVERSION = YES;
				CLANG_WARN_NON_LITERAL_NULL_CONVERSION = YES;
				CLANG_WARN_OBJC_IMPLICIT_RETAIN_SELF = YES;
				CLANG_WARN_OBJC_LITERAL_CONVERSION = YES;
				CLANG_WARN_OBJC_ROOT_CLASS = YES_ERROR;
				CLANG_WARN_QUOTED_INCLUDE_IN_FRAMEWORK_HEADER = YES;
				CLANG_WARN_RANGE_LOOP_ANALYSIS = YES;
				CLANG_WARN_STRICT_PROTOTYPES = YES;
				CLANG_WARN_SUSPICIOUS_MOVE = YES;
				CLANG_WARN_UNGUARDED_AVAILABILITY = YES_AGGRESSIVE;
				CLANG_WARN_UNREACHABLE_CODE = YES;
				CLANG_WARN__DUPLICATE_METHOD_MATCH = YES;
				COPY_PHASE_STRIP = NO;
				DEBUG_INFORMATION_FORMAT = "dwarf-with-dsym";
				ENABLE_NS_ASSERTIONS = NO;
				ENABLE_STRICT_OBJC_MSGSEND = YES;
				ENABLE_USER_SCRIPT_SANDBOXING = YES;
				GCC_C_LANGUAGE_STANDARD = gnu17;
				GCC_NO_COMMON_BLOCKS = YES;
				GCC_WARN_64_TO_32_BIT_CONVERSION = YES;
				GCC_WARN_ABOUT_RETURN_TYPE = YES_ERROR;
				GCC_WARN_UNDECLARED_SELECTOR = YES;
				GCC_WARN_UNINITIALIZED_AUTOS = YES_AGGRESSIVE;
				GCC_WARN_UNUSED_FUNCTION = YES;
				GCC_WARN_UNUSED_VARIABLE = YES;
				IPHONEOS_DEPLOYMENT_TARGET = 17.5;
				LOCALIZATION_PREFERS_STRING_CATALOGS = YES;
				MTL_ENABLE_DEBUG_INFO = NO;
				MTL_FAST_MATH = YES;
				SDKROOT = iphoneos;
				SWIFT_COMPILATION_MODE = wholemodule;
				VALIDATE_PRODUCT = YES;
			};
			name = Release;
		};
		5566E1552C2B7B360012D5F7 /* Debug */ = {
			isa = XCBuildConfiguration;
			buildSettings = {
				ASSETCATALOG_COMPILER_APPICON_NAME = AppIcon;
				ASSETCATALOG_COMPILER_GLOBAL_ACCENT_COLOR_NAME = AccentColor;
				CODE_SIGN_STYLE = Automatic;
				CURRENT_PROJECT_VERSION = 1;
				DEVELOPMENT_ASSET_PATHS = "\"iosproject/Preview Content\"";
				ENABLE_PREVIEWS = YES;
				GENERATE_INFOPLIST_FILE = YES;
				INFOPLIST_KEY_UIApplicationSceneManifest_Generation = YES;
				INFOPLIST_KEY_UIApplicationSupportsIndirectInputEvents = YES;
				INFOPLIST_KEY_UILaunchScreen_Generation = YES;
				INFOPLIST_KEY_UISupportedInterfaceOrientations_iPad = "UIInterfaceOrientationPortrait UIInterfaceOrientationPortraitUpsideDown UIInterfaceOrientationLandscapeLeft UIInterfaceOrientationLandscapeRight";
				INFOPLIST_KEY_UISupportedInterfaceOrientations_iPhone = "UIInterfaceOrientationPortrait UIInterfaceOrientationLandscapeLeft UIInterfaceOrientationLandscapeRight";
				LD_RUNPATH_SEARCH_PATHS = (
					"$(inherited)",
					"@executable_path/Frameworks",
				);
				MARKETING_VERSION = 1.0;
				PRODUCT_BUNDLE_IDENTIFIER = Santhosh.iosproject;
				PRODUCT_NAME = "$(TARGET_NAME)";
				SWIFT_EMIT_LOC_STRINGS = YES;
				SWIFT_VERSION = 5.0;
				TARGETED_DEVICE_FAMILY = "1,2";
			};
			name = Debug;
		};
		5566E1562C2B7B360012D5F7 /* Release */ = {
			isa = XCBuildConfiguration;
			buildSettings = {
				ASSETCATALOG_COMPILER_APPICON_NAME = AppIcon;
				ASSETCATALOG_COMPILER_GLOBAL_ACCENT_COLOR_NAME = AccentColor;
				CODE_SIGN_STYLE = Automatic;
				CURRENT_PROJECT_VERSION = 1;
				DEVELOPMENT_ASSET_PATHS = "\"iosproject/Preview Content\"";
				ENABLE_PREVIEWS = YES;
				GENERATE_INFOPLIST_FILE = YES;
				INFOPLIST_KEY_UIApplicationSceneManifest_Generation = YES;
				INFOPLIST_KEY_UIApplicationSupportsIndirectInputEvents = YES;
				INFOPLIST_KEY_UILaunchScreen_Generation = YES;
				INFOPLIST_KEY_UISupportedInterfaceOrientations_iPad = "UIInterfaceOrientationPortrait UIInterfaceOrientationPortraitUpsideDown UIInterfaceOrientationLandscapeLeft UIInterfaceOrientationLandscapeRight";
				INFOPLIST_KEY_UISupportedInterfaceOrientations_iPhone = "UIInterfaceOrientationPortrait UIInterfaceOrientationLandscapeLeft UIInterfaceOrientationLandscapeRight";
				LD_RUNPATH_SEARCH_PATHS = (
					"$(inherited)",
					"@executable_path/Frameworks",
				);
				MARKETING_VERSION = 1.0;
				PRODUCT_BUNDLE_IDENTIFIER = Santhosh.iosproject;
				PRODUCT_NAME = "$(TARGET_NAME)";
				SWIFT_EMIT_LOC_STRINGS = YES;
				SWIFT_VERSION = 5.0;
				TARGETED_DEVICE_FAMILY = "1,2";
			};
			name = Release;
		};
/* End XCBuildConfiguration section */

/* Begin XCConfigurationList section */
		5566E1412C2B7B340012D5F7 /* Build configuration list for PBXProject "iosproject" */ = {
			isa = XCConfigurationList;
			buildConfigurations = (
				5566E1522C2B7B360012D5F7 /* Debug */,
				5566E1532C2B7B360012D5F7 /* Release */,
			);
			defaultConfigurationIsVisible = 0;
			defaultConfigurationName = Release;
		};
		5566E1542C2B7B360012D5F7 /* Build configuration list for PBXNativeTarget "iosproject" */ = {
			isa = XCConfigurationList;
			buildConfigurations = (
				5566E1552C2B7B360012D5F7 /* Debug */,
				5566E1562C2B7B360012D5F7 /* Release */,
			);
			defaultConfigurationIsVisible = 0;
			defaultConfigurationName = Release;
		};
/* End XCConfigurationList section */

/* Begin XCRemoteSwiftPackageReference section */
		5566E1592C2B7CEC0012D5F7 /* XCRemoteSwiftPackageReference "firebase-ios-sdk" */ = {
			isa = XCRemoteSwiftPackageReference;
			repositoryURL = "https://github.com/firebase/firebase-ios-sdk.git";
			requirement = {
				kind = upToNextMajorVersion;
				minimumVersion = 10.28.1;
			};
		};
/* End XCRemoteSwiftPackageReference section */

/* Begin XCSwiftPackageProductDependency section */
		5566E15A2C2B7CEC0012D5F7 /* FirebaseAuth */ = {
			isa = XCSwiftPackageProductDependency;
			package = 5566E1592C2B7CEC0012D5F7 /* XCRemoteSwiftPackageReference "firebase-ios-sdk" */;
			productName = FirebaseAuth;
		};
		5566E15C2C2B7CEC0012D5F7 /* FirebaseDatabase */ = {
			isa = XCSwiftPackageProductDependency;
			package = 5566E1592C2B7CEC0012D5F7 /* XCRemoteSwiftPackageReference "firebase-ios-sdk" */;
			productName = FirebaseDatabase;
		};
/* End XCSwiftPackageProductDependency section */
	};
	rootObject = 5566E13E2C2B7B340012D5F7 /* Project object */;
}
